# This file is automatically @generated by Cargo.
# It is not intended for manual editing.
version = 4

[[package]]
name = "crate-a"
version = "0.1.0"
source = "git+https://github.com/kilyanni/cargo-vendor-path-deps-repro?rev=4e743e2faea879e61453be2fb66c4e4dd15bec9f#4e743e2faea879e61453be2fb66c4e4dd15bec9f"
dependencies = [
 "crate-b",
]

[[package]]
name = "crate-b"
version = "0.1.0"
source = "git+https://github.com/kilyanni/cargo-vendor-path-deps-repro?rev=4e743e2faea879e61453be2fb66c4e4dd15bec9f#4e743e2faea879e61453be2fb66c4e4dd15bec9f"

[[package]]
name = "repro"
version = "0.1.0"
dependencies = [
 "crate-a",
]
